
Microsoft Visual Studio Solution File, Format Version 12.00
# Visual Studio Version 17
VisualStudioVersion = 17.10.0.0
MinimumVisualStudioVersion = 10.0.40219.1
Project("{FAE04EC0-301F-11D3-BF4B-00C04F79EFBC}") = "OrderFlow", "src\OrderFlow\OrderFlow.csproj", "{182776DF-C943-472C-BF97-56EEDD5200B4}"
EndProject
Project("{FAE04EC0-301F-11D3-BF4B-00C04F79EFBC}") = "OrderFlow.Tests", "test\OrderFlow.Tests\OrderFlow.Tests.csproj", "{A15FAB7B-FA85-446E-BCCA-0F9E78A3CD39}"
EndProject
Global
	GlobalSection(SolutionConfigurationPlatforms) = preSolution
		Debug|Any CPU = Debug|Any CPU
		Release|Any CPU = Release|Any CPU
	EndGlobalSection
	GlobalSection(ProjectConfigurationPlatforms) = postSolution
		{182776DF-C943-472C-BF97-56EEDD5200B4}.Debug|Any CPU.ActiveCfg = Debug|Any CPU
		{182776DF-C943-472C-BF97-56EEDD5200B4}.Debug|Any CPU.Build.0 = Debug|Any CPU
		{182776DF-C943-472C-BF97-56EEDD5200B4}.Release|Any CPU.ActiveCfg = Release|Any CPU
		{182776DF-C943-472C-BF97-56EEDD5200B4}.Release|Any CPU.Build.0 = Release|Any CPU
		{A15FAB7B-FA85-446E-BCCA-0F9E78A3CD39}.Debug|Any CPU.ActiveCfg = Debug|Any CPU
		{A15FAB7B-FA85-446E-BCCA-0F9E78A3CD39}.Debug|Any CPU.Build.0 = Debug|Any CPU
		{A15FAB7B-FA85-446E-BCCA-0F9E78A3CD39}.Release|Any CPU.ActiveCfg = Release|Any CPU
		{A15FAB7B-FA85-446E-BCCA-0F9E78A3CD39}.Release|Any CPU.Build.0 = Release|Any CPU
	EndGlobalSection
	GlobalSection(SolutionProperties) = preSolution
		HideSolutionNode = FALSE
	EndGlobalSection
EndGlobal
